// !$*UTF8*$!
{
	archiveVersion = 1;
	classes = {
	};
	objectVersion = 45;
	objects = {

/* Begin PBXBuildFile section */
		0C251C4B10236C0900C05768 /* Note.m in Sources */ = {isa = PBXBuildFile; fileRef = 0C251C4710236C0900C05768 /* Note.m */; };
		0C3551F71020D690006C7ED7 /* NoteDetailHeader.xib in Resources */ = {isa = PBXBuildFile; fileRef = 0C3551F61020D690006C7ED7 /* NoteDetailHeader.xib */; };
		0C599F78102A446800E66315 /* QuickAddViewController.m in Sources */ = {isa = PBXBuildFile; fileRef = 0C599F77102A446800E66315 /* QuickAddViewController.m */; };
		0C599FB7102A536400E66315 /* RootView.xib in Resources */ = {isa = PBXBuildFile; fileRef = 0C599FB6102A536400E66315 /* RootView.xib */; };
		0CB2F13F101A3B600087C6F6 /* RootViewController.m in Sources */ = {isa = PBXBuildFile; fileRef = 0CB2F13D101A3B600087C6F6 /* RootViewController.m */; };
		0CB2F165101A3DE10087C6F6 /* CoreLocation.framework in Frameworks */ = {isa = PBXBuildFile; fileRef = 0CB2F164101A3DE10087C6F6 /* CoreLocation.framework */; };
		0CB2F167101A3DE60087C6F6 /* MapKit.framework in Frameworks */ = {isa = PBXBuildFile; fileRef = 0CB2F166101A3DE60087C6F6 /* MapKit.framework */; };
		1D3623260D0F684500981E51 /* MapNotesAppDelegate.m in Sources */ = {isa = PBXBuildFile; fileRef = 1D3623250D0F684500981E51 /* MapNotesAppDelegate.m */; };
		1D60589B0D05DD56006BFB54 /* main.m in Sources */ = {isa = PBXBuildFile; fileRef = 29B97316FDCFA39411CA2CEA /* main.m */; };
		1D60589F0D05DD5A006BFB54 /* Foundation.framework in Frameworks */ = {isa = PBXBuildFile; fileRef = 1D30AB110D05D00D00671497 /* Foundation.framework */; };
		1DF5F4E00D08C38300B7A737 /* UIKit.framework in Frameworks */ = {isa = PBXBuildFile; fileRef = 1DF5F4DF0D08C38300B7A737 /* UIKit.framework */; };
		28860B770F44E54D00985440 /* MapNotes.xcdatamodel in Sources */ = {isa = PBXBuildFile; fileRef = 28860B760F44E54D00985440 /* MapNotes.xcdatamodel */; };
		28860BE50F44EE6400985440 /* CoreData.framework in Frameworks */ = {isa = PBXBuildFile; fileRef = 28860BE40F44EE6400985440 /* CoreData.framework */; };
		2892E4100DC94CBA00A64D0F /* CoreGraphics.framework in Frameworks */ = {isa = PBXBuildFile; fileRef = 2892E40F0DC94CBA00A64D0F /* CoreGraphics.framework */; };
		2899E5600DE3E45000AC0155 /* NotesView.xib in Resources */ = {isa = PBXBuildFile; fileRef = 2899E55F0DE3E45000AC0155 /* NotesView.xib */; };
		28AD73600D9D9599002E5188 /* MainWindow.xib in Resources */ = {isa = PBXBuildFile; fileRef = 28AD735F0D9D9599002E5188 /* MainWindow.xib */; };
		28C286E10D94DF7D0034E888 /* NotesViewController.m in Sources */ = {isa = PBXBuildFile; fileRef = 28C286E00D94DF7D0034E888 /* NotesViewController.m */; };
		D3028930104E52C800E5A99D /* QuickAddView.xib in Resources */ = {isa = PBXBuildFile; fileRef = D302892F104E52C800E5A99D /* QuickAddView.xib */; };
		D3028932104E52E100E5A99D /* EditTitle.xib in Resources */ = {isa = PBXBuildFile; fileRef = D3028931104E52E100E5A99D /* EditTitle.xib */; };
		D3028967104F17B100E5A99D /* GroupsTitle.xib in Resources */ = {isa = PBXBuildFile; fileRef = D3028966104F17B100E5A99D /* GroupsTitle.xib */; };
		D3028ABC1050A3E000E5A99D /* NotesMapViewController.m in Sources */ = {isa = PBXBuildFile; fileRef = D3028ABB1050A3E000E5A99D /* NotesMapViewController.m */; };
		D3028AC61050AC6500E5A99D /* NotesMapView.xib in Resources */ = {isa = PBXBuildFile; fileRef = D3028AC51050AC6500E5A99D /* NotesMapView.xib */; };
		D3028C0C1050E69F00E5A99D /* btn_all-notes-blank.png in Resources */ = {isa = PBXBuildFile; fileRef = D3028C0A1050E69F00E5A99D /* btn_all-notes-blank.png */; };
		D3028C251051803600E5A99D /* Entitlements.plist in Resources */ = {isa = PBXBuildFile; fileRef = D3028C241051803600E5A99D /* Entitlements.plist */; };
		D303F2A61026ACE000528192 /* UIImageToDataTransformer.m in Sources */ = {isa = PBXBuildFile; fileRef = D303F2A41026ACE000528192 /* UIImageToDataTransformer.m */; };
		D30D71B0102997F000AF4AFF /* NotePhotoViewController.m in Sources */ = {isa = PBXBuildFile; fileRef = D30D71AF102997F000AF4AFF /* NotePhotoViewController.m */; };
		D32912F610586F8F00994671 /* mapnodes.png in Resources */ = {isa = PBXBuildFile; fileRef = D32912F510586F8F00994671 /* mapnodes.png */; };
		D32913091058900700994671 /* img_bkgnd.png in Resources */ = {isa = PBXBuildFile; fileRef = D32912FF1058900700994671 /* img_bkgnd.png */; };
		D329130A1058900700994671 /* img_note_map-delete.png in Resources */ = {isa = PBXBuildFile; fileRef = D32913001058900700994671 /* img_note_map-delete.png */; };
		D329130B1058900700994671 /* btn_tweet-high.png in Resources */ = {isa = PBXBuildFile; fileRef = D32913011058900700994671 /* btn_tweet-high.png */; };
		D329130C1058900700994671 /* img_title-bkgnd-blue.png in Resources */ = {isa = PBXBuildFile; fileRef = D32913021058900700994671 /* img_title-bkgnd-blue.png */; };
		D329130D1058900700994671 /* img_title-bkgnd.png in Resources */ = {isa = PBXBuildFile; fileRef = D32913031058900700994671 /* img_title-bkgnd.png */; };
		D329130E1058900700994671 /* img-group_bkgnd-blue.png in Resources */ = {isa = PBXBuildFile; fileRef = D32913041058900700994671 /* img-group_bkgnd-blue.png */; };
		D329130F1058900700994671 /* img-group_bkgnd.png in Resources */ = {isa = PBXBuildFile; fileRef = D32913051058900700994671 /* img-group_bkgnd.png */; };
		D32913101058900700994671 /* btn_plus-orange.png in Resources */ = {isa = PBXBuildFile; fileRef = D32913061058900700994671 /* btn_plus-orange.png */; };
		D32913111058900700994671 /* btn_tweet.png in Resources */ = {isa = PBXBuildFile; fileRef = D32913071058900700994671 /* btn_tweet.png */; };
		D32913121058900700994671 /* btn_delete.png in Resources */ = {isa = PBXBuildFile; fileRef = D32913081058900700994671 /* btn_delete.png */; };
		D329148E1059698200994671 /* img_minus.png in Resources */ = {isa = PBXBuildFile; fileRef = D329148C1059698200994671 /* img_minus.png */; };
		D329148F1059698200994671 /* img_plus.png in Resources */ = {isa = PBXBuildFile; fileRef = D329148D1059698200994671 /* img_plus.png */; };
		D342E6D4103A5BCA002382B7 /* CLLocation+DistanceComparison.m in Sources */ = {isa = PBXBuildFile; fileRef = D342E6D3103A5BCA002382B7 /* CLLocation+DistanceComparison.m */; };
		D345E74C10229C4B0070C491 /* NoteDetailFooter.xib in Resources */ = {isa = PBXBuildFile; fileRef = D345E74B10229C4B0070C491 /* NoteDetailFooter.xib */; };
		D345E7541022A07C0070C491 /* RoundedRectView.m in Sources */ = {isa = PBXBuildFile; fileRef = D345E7531022A07C0070C491 /* RoundedRectView.m */; };
		D345E81B1022B1A30070C491 /* NoteAnnotation.m in Sources */ = {isa = PBXBuildFile; fileRef = D345E81A1022B1A30070C491 /* NoteAnnotation.m */; };
		D35CAAB71055A8A9000682BD /* img_photo-edit.png in Resources */ = {isa = PBXBuildFile; fileRef = D35CAAB61055A8A9000682BD /* img_photo-edit.png */; };
		D360D124101D246B0095ED7B /* NoteDetailController.m in Sources */ = {isa = PBXBuildFile; fileRef = D360D123101D246B0095ED7B /* NoteDetailController.m */; };
		D36712F3102F62D6000A046B /* NoteDescViewController.m in Sources */ = {isa = PBXBuildFile; fileRef = D36712F1102F62D6000A046B /* NoteDescViewController.m */; };
		D36C287210437CAA00AFB7A8 /* LocationController.m in Sources */ = {isa = PBXBuildFile; fileRef = D36C287110437CAA00AFB7A8 /* LocationController.m */; };
		D36EA0261051B9EC00776556 /* NotesCell.xib in Resources */ = {isa = PBXBuildFile; fileRef = D36EA0251051B9EC00776556 /* NotesCell.xib */; };
		D387E068105AE68C00111FB0 /* img_no-photo_thumb.png in Resources */ = {isa = PBXBuildFile; fileRef = D387E065105AE68C00111FB0 /* img_no-photo_thumb.png */; };
		D387E069105AE68C00111FB0 /* img_photo-border.png in Resources */ = {isa = PBXBuildFile; fileRef = D387E066105AE68C00111FB0 /* img_photo-border.png */; };
		D387E06A105AE68C00111FB0 /* img_no-photo.png in Resources */ = {isa = PBXBuildFile; fileRef = D387E067105AE68C00111FB0 /* img_no-photo.png */; };
		D387E0B2105B042200111FB0 /* img_desc-edit_bkgnd.png in Resources */ = {isa = PBXBuildFile; fileRef = D387E0B1105B042200111FB0 /* img_desc-edit_bkgnd.png */; };
		D387E0E1105B09B300111FB0 /* node_yellow.png in Resources */ = {isa = PBXBuildFile; fileRef = D387E0DD105B09B300111FB0 /* node_yellow.png */; };
		D387E0E2105B09B300111FB0 /* node_purple.png in Resources */ = {isa = PBXBuildFile; fileRef = D387E0DE105B09B300111FB0 /* node_purple.png */; };
		D387E0E3105B09B300111FB0 /* node_orange.png in Resources */ = {isa = PBXBuildFile; fileRef = D387E0DF105B09B300111FB0 /* node_orange.png */; };
		D387E0E4105B09B300111FB0 /* node_green.png in Resources */ = {isa = PBXBuildFile; fileRef = D387E0E0105B09B300111FB0 /* node_green.png */; };
		D387E1FF105C5A2200111FB0 /* ShareDetails.xib in Resources */ = {isa = PBXBuildFile; fileRef = D387E1FE105C5A2200111FB0 /* ShareDetails.xib */; };
		D387E243105CA58900111FB0 /* GroupsFooter.xib in Resources */ = {isa = PBXBuildFile; fileRef = D387E242105CA58900111FB0 /* GroupsFooter.xib */; };
		D3BEAE2E1027FDA2001BC385 /* ImageManipulator.m in Sources */ = {isa = PBXBuildFile; fileRef = D3BEAE2D1027FDA2001BC385 /* ImageManipulator.m */; };
		D3D952971034536400C39C92 /* MapTableCell.xib in Resources */ = {isa = PBXBuildFile; fileRef = D3D952961034536400C39C92 /* MapTableCell.xib */; };
		D3E5B437105EA91200B87B81 /* Group.m in Sources */ = {isa = PBXBuildFile; fileRef = D3E5B436105EA91200B87B81 /* Group.m */; };
		D3E5B50A105ED1EC00B87B81 /* Settings.bundle in Resources */ = {isa = PBXBuildFile; fileRef = D3E5B509105ED1EC00B87B81 /* Settings.bundle */; };
		D3F991A41044D9A200066E1D /* img_note_footer_bkgnd.png in Resources */ = {isa = PBXBuildFile; fileRef = D3F991921044D9A200066E1D /* img_note_footer_bkgnd.png */; };
		D3F991A51044D9A200066E1D /* img_main_bkgnd.png in Resources */ = {isa = PBXBuildFile; fileRef = D3F991931044D9A200066E1D /* img_main_bkgnd.png */; };
		D3F991A61044D9A200066E1D /* img_map-blank.png in Resources */ = {isa = PBXBuildFile; fileRef = D3F991941044D9A200066E1D /* img_map-blank.png */; };
		D3F991A71044D9A200066E1D /* img_map-crosshairs.png in Resources */ = {isa = PBXBuildFile; fileRef = D3F991951044D9A200066E1D /* img_map-crosshairs.png */; };
		D3F991AB1044D9A200066E1D /* icon_map.png in Resources */ = {isa = PBXBuildFile; fileRef = D3F991991044D9A200066E1D /* icon_map.png */; };
		D3F991AC1044D9A200066E1D /* icon_group-header.png in Resources */ = {isa = PBXBuildFile; fileRef = D3F9919A1044D9A200066E1D /* icon_group-header.png */; };
		D3F991AD1044D9A200066E1D /* icon_group.png in Resources */ = {isa = PBXBuildFile; fileRef = D3F9919B1044D9A200066E1D /* icon_group.png */; };
		D3F991AE1044D9A200066E1D /* icon_desc.png in Resources */ = {isa = PBXBuildFile; fileRef = D3F9919C1044D9A200066E1D /* icon_desc.png */; };
		D3F991AF1044D9A200066E1D /* btn_main_notes.png in Resources */ = {isa = PBXBuildFile; fileRef = D3F9919D1044D9A200066E1D /* btn_main_notes.png */; };
		D3F991B01044D9A200066E1D /* btn_main_text.png in Resources */ = {isa = PBXBuildFile; fileRef = D3F9919E1044D9A200066E1D /* btn_main_text.png */; };
		D3F991B11044D9A200066E1D /* btn_main_photo.png in Resources */ = {isa = PBXBuildFile; fileRef = D3F9919F1044D9A200066E1D /* btn_main_photo.png */; };
		D3F991B21044D9A200066E1D /* BigRedButton.png in Resources */ = {isa = PBXBuildFile; fileRef = D3F991A01044D9A200066E1D /* BigRedButton.png */; };
		D3F991B41044D9A200066E1D /* img_photo-add.png in Resources */ = {isa = PBXBuildFile; fileRef = D3F991A21044D9A200066E1D /* img_photo-add.png */; };
		D3F991B51044D9A200066E1D /* img_map-node.png in Resources */ = {isa = PBXBuildFile; fileRef = D3F991A31044D9A200066E1D /* img_map-node.png */; };
		D3F991C41044DFBF00066E1D /* img_blank.png in Resources */ = {isa = PBXBuildFile; fileRef = D3F991C31044DFBF00066E1D /* img_blank.png */; };
		D3F991F7104611D900066E1D /* NoteTitleViewController.m in Sources */ = {isa = PBXBuildFile; fileRef = D3F991F6104611D900066E1D /* NoteTitleViewController.m */; };
		D3F9924710461D4B00066E1D /* EditDesc.xib in Resources */ = {isa = PBXBuildFile; fileRef = D3F9924610461D4B00066E1D /* EditDesc.xib */; };
		D3F992BA104645FB00066E1D /* TextFieldCell.m in Sources */ = {isa = PBXBuildFile; fileRef = D3F992B9104645FB00066E1D /* TextFieldCell.m */; };
		D3F992BC1046465A00066E1D /* TextViewCell.xib in Resources */ = {isa = PBXBuildFile; fileRef = D3F992BB1046465A00066E1D /* TextViewCell.xib */; };
		D3F992E110464D1900066E1D /* StringHelper.m in Sources */ = {isa = PBXBuildFile; fileRef = D3F992E010464D1900066E1D /* StringHelper.m */; };
		D3F99543104848AC00066E1D /* img_app_bkgnd.png in Resources */ = {isa = PBXBuildFile; fileRef = D3F99542104848AC00066E1D /* img_app_bkgnd.png */; };
		D3F995641048F55500066E1D /* GroupsViewController.m in Sources */ = {isa = PBXBuildFile; fileRef = D3F995631048F55500066E1D /* GroupsViewController.m */; };
		D3F996121049E43D00066E1D /* GroupNameViewController.m in Sources */ = {isa = PBXBuildFile; fileRef = D3F996111049E43D00066E1D /* GroupNameViewController.m */; };
		D3F996261049E8B900066E1D /* EditName.xib in Resources */ = {isa = PBXBuildFile; fileRef = D3F996251049E8B900066E1D /* EditName.xib */; };
/* End PBXBuildFile section */

/* Begin PBXFileReference section */
		0C251C4610236C0900C05768 /* Note.h */ = {isa = PBXFileReference; fileEncoding = 4; lastKnownFileType = sourcecode.c.h; name = Note.h; path = "Model Classes/Note.h"; sourceTree = "<group>"; };
		0C251C4710236C0900C05768 /* Note.m */ = {isa = PBXFileReference; fileEncoding = 4; lastKnownFileType = sourcecode.c.objc; name = Note.m; path = "Model Classes/Note.m"; sourceTree = "<group>"; };
		0C3551F61020D690006C7ED7 /* NoteDetailHeader.xib */ = {isa = PBXFileReference; lastKnownFileType = file.xib; path = NoteDetailHeader.xib; sourceTree = "<group>"; };
		0C599F76102A446800E66315 /* QuickAddViewController.h */ = {isa = PBXFileReference; fileEncoding = 4; lastKnownFileType = sourcecode.c.h; path = QuickAddViewController.h; sourceTree = "<group>"; };
		0C599F77102A446800E66315 /* QuickAddViewController.m */ = {isa = PBXFileReference; fileEncoding = 4; lastKnownFileType = sourcecode.c.objc; path = QuickAddViewController.m; sourceTree = "<group>"; };
		0C599FB6102A536400E66315 /* RootView.xib */ = {isa = PBXFileReference; lastKnownFileType = file.xib; path = RootView.xib; sourceTree = "<group>"; };
		0CB2F13C101A3B600087C6F6 /* RootViewController.h */ = {isa = PBXFileReference; fileEncoding = 4; lastKnownFileType = sourcecode.c.h; path = RootViewController.h; sourceTree = "<group>"; };
		0CB2F13D101A3B600087C6F6 /* RootViewController.m */ = {isa = PBXFileReference; fileEncoding = 4; lastKnownFileType = sourcecode.c.objc; path = RootViewController.m; sourceTree = "<group>"; };
		0CB2F164101A3DE10087C6F6 /* CoreLocation.framework */ = {isa = PBXFileReference; lastKnownFileType = wrapper.framework; name = CoreLocation.framework; path = System/Library/Frameworks/CoreLocation.framework; sourceTree = SDKROOT; };
		0CB2F166101A3DE60087C6F6 /* MapKit.framework */ = {isa = PBXFileReference; lastKnownFileType = wrapper.framework; name = MapKit.framework; path = System/Library/Frameworks/MapKit.framework; sourceTree = SDKROOT; };
		1D30AB110D05D00D00671497 /* Foundation.framework */ = {isa = PBXFileReference; lastKnownFileType = wrapper.framework; name = Foundation.framework; path = System/Library/Frameworks/Foundation.framework; sourceTree = SDKROOT; };
		1D3623240D0F684500981E51 /* MapNotesAppDelegate.h */ = {isa = PBXFileReference; fileEncoding = 4; lastKnownFileType = sourcecode.c.h; path = MapNotesAppDelegate.h; sourceTree = "<group>"; };
		1D3623250D0F684500981E51 /* MapNotesAppDelegate.m */ = {isa = PBXFileReference; fileEncoding = 4; lastKnownFileType = sourcecode.c.objc; path = MapNotesAppDelegate.m; sourceTree = "<group>"; };
		1D6058910D05DD3D006BFB54 /* NoteableDev.app */ = {isa = PBXFileReference; explicitFileType = wrapper.application; includeInIndex = 0; path = NoteableDev.app; sourceTree = BUILT_PRODUCTS_DIR; };
		1DF5F4DF0D08C38300B7A737 /* UIKit.framework */ = {isa = PBXFileReference; lastKnownFileType = wrapper.framework; name = UIKit.framework; path = System/Library/Frameworks/UIKit.framework; sourceTree = SDKROOT; };
		28860B760F44E54D00985440 /* MapNotes.xcdatamodel */ = {isa = PBXFileReference; fileEncoding = 4; lastKnownFileType = wrapper.xcdatamodel; path = MapNotes.xcdatamodel; sourceTree = "<group>"; };
		28860BE40F44EE6400985440 /* CoreData.framework */ = {isa = PBXFileReference; lastKnownFileType = wrapper.framework; name = CoreData.framework; path = System/Library/Frameworks/CoreData.framework; sourceTree = SDKROOT; };
		2892E40F0DC94CBA00A64D0F /* CoreGraphics.framework */ = {isa = PBXFileReference; lastKnownFileType = wrapper.framework; name = CoreGraphics.framework; path = System/Library/Frameworks/CoreGraphics.framework; sourceTree = SDKROOT; };
		2899E55F0DE3E45000AC0155 /* NotesView.xib */ = {isa = PBXFileReference; lastKnownFileType = file.xib; path = NotesView.xib; sourceTree = "<group>"; };
		28A0AAE50D9B0CCF005BE974 /* MapNotes_Prefix.pch */ = {isa = PBXFileReference; fileEncoding = 4; lastKnownFileType = sourcecode.c.h; path = MapNotes_Prefix.pch; sourceTree = "<group>"; };
		28AD735F0D9D9599002E5188 /* MainWindow.xib */ = {isa = PBXFileReference; lastKnownFileType = file.xib; path = MainWindow.xib; sourceTree = "<group>"; };
		28C286DF0D94DF7D0034E888 /* NotesViewController.h */ = {isa = PBXFileReference; fileEncoding = 4; lastKnownFileType = sourcecode.c.h; path = NotesViewController.h; sourceTree = "<group>"; };
		28C286E00D94DF7D0034E888 /* NotesViewController.m */ = {isa = PBXFileReference; fileEncoding = 4; lastKnownFileType = sourcecode.c.objc; path = NotesViewController.m; sourceTree = "<group>"; };
		29B97316FDCFA39411CA2CEA /* main.m */ = {isa = PBXFileReference; fileEncoding = 4; lastKnownFileType = sourcecode.c.objc; path = main.m; sourceTree = "<group>"; };
		D302892F104E52C800E5A99D /* QuickAddView.xib */ = {isa = PBXFileReference; lastKnownFileType = file.xib; path = QuickAddView.xib; sourceTree = "<group>"; };
		D3028931104E52E100E5A99D /* EditTitle.xib */ = {isa = PBXFileReference; lastKnownFileType = file.xib; path = EditTitle.xib; sourceTree = "<group>"; };
		D3028966104F17B100E5A99D /* GroupsTitle.xib */ = {isa = PBXFileReference; lastKnownFileType = file.xib; path = GroupsTitle.xib; sourceTree = "<group>"; };
		D3028ABA1050A3E000E5A99D /* NotesMapViewController.h */ = {isa = PBXFileReference; fileEncoding = 4; lastKnownFileType = sourcecode.c.h; path = NotesMapViewController.h; sourceTree = "<group>"; };
		D3028ABB1050A3E000E5A99D /* NotesMapViewController.m */ = {isa = PBXFileReference; fileEncoding = 4; lastKnownFileType = sourcecode.c.objc; path = NotesMapViewController.m; sourceTree = "<group>"; };
		D3028AC51050AC6500E5A99D /* NotesMapView.xib */ = {isa = PBXFileReference; lastKnownFileType = file.xib; path = NotesMapView.xib; sourceTree = "<group>"; };
		D3028C0A1050E69F00E5A99D /* btn_all-notes-blank.png */ = {isa = PBXFileReference; lastKnownFileType = image.png; name = "btn_all-notes-blank.png"; path = "Images/btn_all-notes-blank.png"; sourceTree = "<group>"; };
		D3028C241051803600E5A99D /* Entitlements.plist */ = {isa = PBXFileReference; fileEncoding = 4; lastKnownFileType = text.plist.xml; path = Entitlements.plist; sourceTree = "<group>"; };
		D303F2A41026ACE000528192 /* UIImageToDataTransformer.m */ = {isa = PBXFileReference; fileEncoding = 4; lastKnownFileType = sourcecode.c.objc; name = UIImageToDataTransformer.m; path = Classes/UIImageToDataTransformer.m; sourceTree = "<group>"; };
		D303F2A51026ACE000528192 /* UIImageToDataTransformer.h */ = {isa = PBXFileReference; fileEncoding = 4; lastKnownFileType = sourcecode.c.h; name = UIImageToDataTransformer.h; path = Classes/UIImageToDataTransformer.h; sourceTree = "<group>"; };
		D30D71AE102997F000AF4AFF /* NotePhotoViewController.h */ = {isa = PBXFileReference; fileEncoding = 4; lastKnownFileType = sourcecode.c.h; path = NotePhotoViewController.h; sourceTree = "<group>"; };
		D30D71AF102997F000AF4AFF /* NotePhotoViewController.m */ = {isa = PBXFileReference; fileEncoding = 4; lastKnownFileType = sourcecode.c.objc; path = NotePhotoViewController.m; sourceTree = "<group>"; };
		D32912F510586F8F00994671 /* mapnodes.png */ = {isa = PBXFileReference; lastKnownFileType = image.png; name = mapnodes.png; path = Images/mapnodes.png; sourceTree = "<group>"; };
		D32912FF1058900700994671 /* img_bkgnd.png */ = {isa = PBXFileReference; lastKnownFileType = image.png; name = img_bkgnd.png; path = Images/img_bkgnd.png; sourceTree = "<group>"; };
		D32913001058900700994671 /* img_note_map-delete.png */ = {isa = PBXFileReference; lastKnownFileType = image.png; name = "img_note_map-delete.png"; path = "Images/img_note_map-delete.png"; sourceTree = "<group>"; };
		D32913011058900700994671 /* btn_tweet-high.png */ = {isa = PBXFileReference; lastKnownFileType = image.png; name = "btn_tweet-high.png"; path = "Images/btn_tweet-high.png"; sourceTree = "<group>"; };
		D32913021058900700994671 /* img_title-bkgnd-blue.png */ = {isa = PBXFileReference; lastKnownFileType = image.png; name = "img_title-bkgnd-blue.png"; path = "Images/img_title-bkgnd-blue.png"; sourceTree = "<group>"; };
		D32913031058900700994671 /* img_title-bkgnd.png */ = {isa = PBXFileReference; lastKnownFileType = image.png; name = "img_title-bkgnd.png"; path = "Images/img_title-bkgnd.png"; sourceTree = "<group>"; };
		D32913041058900700994671 /* img-group_bkgnd-blue.png */ = {isa = PBXFileReference; lastKnownFileType = image.png; name = "img-group_bkgnd-blue.png"; path = "Images/img-group_bkgnd-blue.png"; sourceTree = "<group>"; };
		D32913051058900700994671 /* img-group_bkgnd.png */ = {isa = PBXFileReference; lastKnownFileType = image.png; name = "img-group_bkgnd.png"; path = "Images/img-group_bkgnd.png"; sourceTree = "<group>"; };
		D32913061058900700994671 /* btn_plus-orange.png */ = {isa = PBXFileReference; lastKnownFileType = image.png; name = "btn_plus-orange.png"; path = "Images/btn_plus-orange.png"; sourceTree = "<group>"; };
		D32913071058900700994671 /* btn_tweet.png */ = {isa = PBXFileReference; lastKnownFileType = image.png; name = btn_tweet.png; path = Images/btn_tweet.png; sourceTree = "<group>"; };
		D32913081058900700994671 /* btn_delete.png */ = {isa = PBXFileReference; lastKnownFileType = image.png; name = btn_delete.png; path = Images/btn_delete.png; sourceTree = "<group>"; };
		D329148C1059698200994671 /* img_minus.png */ = {isa = PBXFileReference; lastKnownFileType = image.png; name = img_minus.png; path = Images/img_minus.png; sourceTree = "<group>"; };
		D329148D1059698200994671 /* img_plus.png */ = {isa = PBXFileReference; lastKnownFileType = image.png; name = img_plus.png; path = Images/img_plus.png; sourceTree = "<group>"; };
		D342E6D2103A5BCA002382B7 /* CLLocation+DistanceComparison.h */ = {isa = PBXFileReference; fileEncoding = 4; lastKnownFileType = sourcecode.c.h; name = "CLLocation+DistanceComparison.h"; path = "Classes/CLLocation+DistanceComparison.h"; sourceTree = "<group>"; };
		D342E6D3103A5BCA002382B7 /* CLLocation+DistanceComparison.m */ = {isa = PBXFileReference; fileEncoding = 4; lastKnownFileType = sourcecode.c.objc; name = "CLLocation+DistanceComparison.m"; path = "Classes/CLLocation+DistanceComparison.m"; sourceTree = "<group>"; };
		D345E74B10229C4B0070C491 /* NoteDetailFooter.xib */ = {isa = PBXFileReference; lastKnownFileType = file.xib; path = NoteDetailFooter.xib; sourceTree = "<group>"; };
		D345E7521022A07C0070C491 /* RoundedRectView.h */ = {isa = PBXFileReference; fileEncoding = 4; lastKnownFileType = sourcecode.c.h; path = RoundedRectView.h; sourceTree = "<group>"; };
		D345E7531022A07C0070C491 /* RoundedRectView.m */ = {isa = PBXFileReference; fileEncoding = 4; lastKnownFileType = sourcecode.c.objc; path = RoundedRectView.m; sourceTree = "<group>"; };
		D345E8191022B1A30070C491 /* NoteAnnotation.h */ = {isa = PBXFileReference; fileEncoding = 4; lastKnownFileType = sourcecode.c.h; path = NoteAnnotation.h; sourceTree = "<group>"; };
		D345E81A1022B1A30070C491 /* NoteAnnotation.m */ = {isa = PBXFileReference; fileEncoding = 4; lastKnownFileType = sourcecode.c.objc; path = NoteAnnotation.m; sourceTree = "<group>"; };
		D35CAAB61055A8A9000682BD /* img_photo-edit.png */ = {isa = PBXFileReference; lastKnownFileType = image.png; name = "img_photo-edit.png"; path = "Images/img_photo-edit.png"; sourceTree = "<group>"; };
		D360D122101D246B0095ED7B /* NoteDetailController.h */ = {isa = PBXFileReference; fileEncoding = 4; lastKnownFileType = sourcecode.c.h; path = NoteDetailController.h; sourceTree = "<group>"; };
		D360D123101D246B0095ED7B /* NoteDetailController.m */ = {isa = PBXFileReference; fileEncoding = 4; lastKnownFileType = sourcecode.c.objc; path = NoteDetailController.m; sourceTree = "<group>"; };
		D36712F0102F62D6000A046B /* NoteDescViewController.h */ = {isa = PBXFileReference; fileEncoding = 4; lastKnownFileType = sourcecode.c.h; path = NoteDescViewController.h; sourceTree = "<group>"; };
		D36712F1102F62D6000A046B /* NoteDescViewController.m */ = {isa = PBXFileReference; fileEncoding = 4; lastKnownFileType = sourcecode.c.objc; path = NoteDescViewController.m; sourceTree = "<group>"; };
		D36C287010437CAA00AFB7A8 /* LocationController.h */ = {isa = PBXFileReference; fileEncoding = 4; lastKnownFileType = sourcecode.c.h; path = LocationController.h; sourceTree = "<group>"; };
		D36C287110437CAA00AFB7A8 /* LocationController.m */ = {isa = PBXFileReference; fileEncoding = 4; lastKnownFileType = sourcecode.c.objc; path = LocationController.m; sourceTree = "<group>"; };
		D36EA0071051A58D00776556 /* NoteableDev-Info.plist */ = {isa = PBXFileReference; fileEncoding = 4; lastKnownFileType = text.plist.xml; path = "NoteableDev-Info.plist"; sourceTree = "<group>"; };
		D36EA0081051A58D00776556 /* NoteableBeta-Info.plist */ = {isa = PBXFileReference; fileEncoding = 4; lastKnownFileType = text.plist.xml; path = "NoteableBeta-Info.plist"; sourceTree = "<group>"; };
		D36EA0251051B9EC00776556 /* NotesCell.xib */ = {isa = PBXFileReference; lastKnownFileType = file.xib; path = NotesCell.xib; sourceTree = "<group>"; };
		D387E065105AE68C00111FB0 /* img_no-photo_thumb.png */ = {isa = PBXFileReference; lastKnownFileType = image.png; name = "img_no-photo_thumb.png"; path = "Images/img_no-photo_thumb.png"; sourceTree = "<group>"; };
		D387E066105AE68C00111FB0 /* img_photo-border.png */ = {isa = PBXFileReference; lastKnownFileType = image.png; name = "img_photo-border.png"; path = "Images/img_photo-border.png"; sourceTree = "<group>"; };
		D387E067105AE68C00111FB0 /* img_no-photo.png */ = {isa = PBXFileReference; lastKnownFileType = image.png; name = "img_no-photo.png"; path = "Images/img_no-photo.png"; sourceTree = "<group>"; };
		D387E0B1105B042200111FB0 /* img_desc-edit_bkgnd.png */ = {isa = PBXFileReference; lastKnownFileType = image.png; name = "img_desc-edit_bkgnd.png"; path = "Images/img_desc-edit_bkgnd.png"; sourceTree = "<group>"; };
		D387E0DD105B09B300111FB0 /* node_yellow.png */ = {isa = PBXFileReference; lastKnownFileType = image.png; name = node_yellow.png; path = Images/node_yellow.png; sourceTree = "<group>"; };
		D387E0DE105B09B300111FB0 /* node_purple.png */ = {isa = PBXFileReference; lastKnownFileType = image.png; name = node_purple.png; path = Images/node_purple.png; sourceTree = "<group>"; };
		D387E0DF105B09B300111FB0 /* node_orange.png */ = {isa = PBXFileReference; lastKnownFileType = image.png; name = node_orange.png; path = Images/node_orange.png; sourceTree = "<group>"; };
		D387E0E0105B09B300111FB0 /* node_green.png */ = {isa = PBXFileReference; lastKnownFileType = image.png; name = node_green.png; path = Images/node_green.png; sourceTree = "<group>"; };
		D387E1FE105C5A2200111FB0 /* ShareDetails.xib */ = {isa = PBXFileReference; lastKnownFileType = file.xib; path = ShareDetails.xib; sourceTree = "<group>"; };
		D387E242105CA58900111FB0 /* GroupsFooter.xib */ = {isa = PBXFileReference; lastKnownFileType = file.xib; path = GroupsFooter.xib; sourceTree = "<group>"; };
		D3BEAE2C1027FDA2001BC385 /* ImageManipulator.h */ = {isa = PBXFileReference; fileEncoding = 4; lastKnownFileType = sourcecode.c.h; path = ImageManipulator.h; sourceTree = "<group>"; };
		D3BEAE2D1027FDA2001BC385 /* ImageManipulator.m */ = {isa = PBXFileReference; fileEncoding = 4; lastKnownFileType = sourcecode.c.objc; path = ImageManipulator.m; sourceTree = "<group>"; };
		D3D952961034536400C39C92 /* MapTableCell.xib */ = {isa = PBXFileReference; lastKnownFileType = file.xib; path = MapTableCell.xib; sourceTree = "<group>"; };
		D3E5B435105EA91200B87B81 /* Group.h */ = {isa = PBXFileReference; fileEncoding = 4; lastKnownFileType = sourcecode.c.h; name = Group.h; path = "Model Classes/Group.h"; sourceTree = "<group>"; };
		D3E5B436105EA91200B87B81 /* Group.m */ = {isa = PBXFileReference; fileEncoding = 4; lastKnownFileType = sourcecode.c.objc; name = Group.m; path = "Model Classes/Group.m"; sourceTree = "<group>"; };
		D3E5B509105ED1EC00B87B81 /* Settings.bundle */ = {isa = PBXFileReference; lastKnownFileType = "wrapper.plug-in"; path = Settings.bundle; sourceTree = "<group>"; };
		D3F991921044D9A200066E1D /* img_note_footer_bkgnd.png */ = {isa = PBXFileReference; lastKnownFileType = image.png; name = img_note_footer_bkgnd.png; path = Images/img_note_footer_bkgnd.png; sourceTree = "<group>"; };
		D3F991931044D9A200066E1D /* img_main_bkgnd.png */ = {isa = PBXFileReference; lastKnownFileType = image.png; name = img_main_bkgnd.png; path = Images/img_main_bkgnd.png; sourceTree = "<group>"; };
		D3F991941044D9A200066E1D /* img_map-blank.png */ = {isa = PBXFileReference; lastKnownFileType = image.png; name = "img_map-blank.png"; path = "Images/img_map-blank.png"; sourceTree = "<group>"; };
		D3F991951044D9A200066E1D /* img_map-crosshairs.png */ = {isa = PBXFileReference; lastKnownFileType = image.png; name = "img_map-crosshairs.png"; path = "Images/img_map-crosshairs.png"; sourceTree = "<group>"; };
		D3F991991044D9A200066E1D /* icon_map.png */ = {isa = PBXFileReference; lastKnownFileType = image.png; name = icon_map.png; path = Images/icon_map.png; sourceTree = "<group>"; };
		D3F9919A1044D9A200066E1D /* icon_group-header.png */ = {isa = PBXFileReference; lastKnownFileType = image.png; name = "icon_group-header.png"; path = "Images/icon_group-header.png"; sourceTree = "<group>"; };
		D3F9919B1044D9A200066E1D /* icon_group.png */ = {isa = PBXFileReference; lastKnownFileType = image.png; name = icon_group.png; path = Images/icon_group.png; sourceTree = "<group>"; };
		D3F9919C1044D9A200066E1D /* icon_desc.png */ = {isa = PBXFileReference; lastKnownFileType = image.png; name = icon_desc.png; path = Images/icon_desc.png; sourceTree = "<group>"; };
		D3F9919D1044D9A200066E1D /* btn_main_notes.png */ = {isa = PBXFileReference; lastKnownFileType = image.png; name = btn_main_notes.png; path = Images/btn_main_notes.png; sourceTree = "<group>"; };
		D3F9919E1044D9A200066E1D /* btn_main_text.png */ = {isa = PBXFileReference; lastKnownFileType = image.png; name = btn_main_text.png; path = Images/btn_main_text.png; sourceTree = "<group>"; };
		D3F9919F1044D9A200066E1D /* btn_main_photo.png */ = {isa = PBXFileReference; lastKnownFileType = image.png; name = btn_main_photo.png; path = Images/btn_main_photo.png; sourceTree = "<group>"; };
		D3F991A01044D9A200066E1D /* BigRedButton.png */ = {isa = PBXFileReference; lastKnownFileType = image.png; name = BigRedButton.png; path = Images/BigRedButton.png; sourceTree = "<group>"; };
		D3F991A21044D9A200066E1D /* img_photo-add.png */ = {isa = PBXFileReference; lastKnownFileType = image.png; name = "img_photo-add.png"; path = "Images/img_photo-add.png"; sourceTree = "<group>"; };
		D3F991A31044D9A200066E1D /* img_map-node.png */ = {isa = PBXFileReference; lastKnownFileType = image.png; name = "img_map-node.png"; path = "Images/img_map-node.png"; sourceTree = "<group>"; };
		D3F991C31044DFBF00066E1D /* img_blank.png */ = {isa = PBXFileReference; lastKnownFileType = image.png; name = img_blank.png; path = Images/img_blank.png; sourceTree = "<group>"; };
		D3F991F11046119D00066E1D /* NoteTitleViewController.h */ = {isa = PBXFileReference; fileEncoding = 4; lastKnownFileType = sourcecode.c.h; path = NoteTitleViewController.h; sourceTree = "<group>"; };
		D3F991F6104611D900066E1D /* NoteTitleViewController.m */ = {isa = PBXFileReference; fileEncoding = 4; lastKnownFileType = sourcecode.c.objc; path = NoteTitleViewController.m; sourceTree = "<group>"; };
		D3F9924610461D4B00066E1D /* EditDesc.xib */ = {isa = PBXFileReference; lastKnownFileType = file.xib; path = EditDesc.xib; sourceTree = "<group>"; };
		D3F992B8104645FB00066E1D /* TextFieldCell.h */ = {isa = PBXFileReference; fileEncoding = 4; lastKnownFileType = sourcecode.c.h; path = TextFieldCell.h; sourceTree = "<group>"; };
		D3F992B9104645FB00066E1D /* TextFieldCell.m */ = {isa = PBXFileReference; fileEncoding = 4; lastKnownFileType = sourcecode.c.objc; path = TextFieldCell.m; sourceTree = "<group>"; };
		D3F992BB1046465A00066E1D /* TextViewCell.xib */ = {isa = PBXFileReference; lastKnownFileType = file.xib; path = TextViewCell.xib; sourceTree = "<group>"; };
		D3F992DF10464D1900066E1D /* StringHelper.h */ = {isa = PBXFileReference; fileEncoding = 4; lastKnownFileType = sourcecode.c.h; path = StringHelper.h; sourceTree = "<group>"; };
		D3F992E010464D1900066E1D /* StringHelper.m */ = {isa = PBXFileReference; fileEncoding = 4; lastKnownFileType = sourcecode.c.objc; path = StringHelper.m; sourceTree = "<group>"; };
		D3F99542104848AC00066E1D /* img_app_bkgnd.png */ = {isa = PBXFileReference; lastKnownFileType = image.png; name = img_app_bkgnd.png; path = Images/img_app_bkgnd.png; sourceTree = "<group>"; };
		D3F995621048F55500066E1D /* GroupsViewController.h */ = {isa = PBXFileReference; fileEncoding = 4; lastKnownFileType = sourcecode.c.h; path = GroupsViewController.h; sourceTree = "<group>"; };
		D3F995631048F55500066E1D /* GroupsViewController.m */ = {isa = PBXFileReference; fileEncoding = 4; lastKnownFileType = sourcecode.c.objc; path = GroupsViewController.m; sourceTree = "<group>"; };
		D3F996101049E43D00066E1D /* GroupNameViewController.h */ = {isa = PBXFileReference; fileEncoding = 4; lastKnownFileType = sourcecode.c.h; path = GroupNameViewController.h; sourceTree = "<group>"; };
		D3F996111049E43D00066E1D /* GroupNameViewController.m */ = {isa = PBXFileReference; fileEncoding = 4; lastKnownFileType = sourcecode.c.objc; path = GroupNameViewController.m; sourceTree = "<group>"; };
		D3F996251049E8B900066E1D /* EditName.xib */ = {isa = PBXFileReference; lastKnownFileType = file.xib; path = EditName.xib; sourceTree = "<group>"; };
/* End PBXFileReference section */

/* Begin PBXFrameworksBuildPhase section */
		1D60588F0D05DD3D006BFB54 /* Frameworks */ = {
			isa = PBXFrameworksBuildPhase;
			buildActionMask = 2147483647;
			files = (
				1D60589F0D05DD5A006BFB54 /* Foundation.framework in Frameworks */,
				1DF5F4E00D08C38300B7A737 /* UIKit.framework in Frameworks */,
				2892E4100DC94CBA00A64D0F /* CoreGraphics.framework in Frameworks */,
				28860BE50F44EE6400985440 /* CoreData.framework in Frameworks */,
				0CB2F165101A3DE10087C6F6 /* CoreLocation.framework in Frameworks */,
				0CB2F167101A3DE60087C6F6 /* MapKit.framework in Frameworks */,
			);
			runOnlyForDeploymentPostprocessing = 0;
		};
/* End PBXFrameworksBuildPhase section */

/* Begin PBXGroup section */
		080E96DDFE201D6D7F000001 /* Classes */ = {
			isa = PBXGroup;
			children = (
				D3F9938C104709E300066E1D /* Helpers */,
				1D3623240D0F684500981E51 /* MapNotesAppDelegate.h */,
				1D3623250D0F684500981E51 /* MapNotesAppDelegate.m */,
				0CB2F13C101A3B600087C6F6 /* RootViewController.h */,
				0CB2F13D101A3B600087C6F6 /* RootViewController.m */,
				D3F995621048F55500066E1D /* GroupsViewController.h */,
				D3F995631048F55500066E1D /* GroupsViewController.m */,
				D3F996101049E43D00066E1D /* GroupNameViewController.h */,
				D3F996111049E43D00066E1D /* GroupNameViewController.m */,
				0C599F76102A446800E66315 /* QuickAddViewController.h */,
				0C599F77102A446800E66315 /* QuickAddViewController.m */,
				D3F991F11046119D00066E1D /* NoteTitleViewController.h */,
				D3F991F6104611D900066E1D /* NoteTitleViewController.m */,
				D36712F0102F62D6000A046B /* NoteDescViewController.h */,
				D36712F1102F62D6000A046B /* NoteDescViewController.m */,
				28C286DF0D94DF7D0034E888 /* NotesViewController.h */,
				28C286E00D94DF7D0034E888 /* NotesViewController.m */,
				D3028ABA1050A3E000E5A99D /* NotesMapViewController.h */,
				D3028ABB1050A3E000E5A99D /* NotesMapViewController.m */,
				D360D122101D246B0095ED7B /* NoteDetailController.h */,
				D360D123101D246B0095ED7B /* NoteDetailController.m */,
				D30D71AE102997F000AF4AFF /* NotePhotoViewController.h */,
				D30D71AF102997F000AF4AFF /* NotePhotoViewController.m */,
				D345E8191022B1A30070C491 /* NoteAnnotation.h */,
				D345E81A1022B1A30070C491 /* NoteAnnotation.m */,
				D3F992B8104645FB00066E1D /* TextFieldCell.h */,
				D3F992B9104645FB00066E1D /* TextFieldCell.m */,
			);
			path = Classes;
			sourceTree = "<group>";
		};
		0C251CA81023893200C05768 /* Images */ = {
			isa = PBXGroup;
			children = (
				D387E0DD105B09B300111FB0 /* node_yellow.png */,
				D387E0DE105B09B300111FB0 /* node_purple.png */,
				D387E0DF105B09B300111FB0 /* node_orange.png */,
				D387E0E0105B09B300111FB0 /* node_green.png */,
				D387E0B1105B042200111FB0 /* img_desc-edit_bkgnd.png */,
				D387E065105AE68C00111FB0 /* img_no-photo_thumb.png */,
				D387E066105AE68C00111FB0 /* img_photo-border.png */,
				D387E067105AE68C00111FB0 /* img_no-photo.png */,
				D329148C1059698200994671 /* img_minus.png */,
				D329148D1059698200994671 /* img_plus.png */,
				D32912FF1058900700994671 /* img_bkgnd.png */,
				D32913001058900700994671 /* img_note_map-delete.png */,
				D32913011058900700994671 /* btn_tweet-high.png */,
				D32913021058900700994671 /* img_title-bkgnd-blue.png */,
				D32913031058900700994671 /* img_title-bkgnd.png */,
				D32913041058900700994671 /* img-group_bkgnd-blue.png */,
				D32913051058900700994671 /* img-group_bkgnd.png */,
				D32913061058900700994671 /* btn_plus-orange.png */,
				D32913071058900700994671 /* btn_tweet.png */,
				D32913081058900700994671 /* btn_delete.png */,
				D32912F510586F8F00994671 /* mapnodes.png */,
				D35CAAB61055A8A9000682BD /* img_photo-edit.png */,
				D3028C0A1050E69F00E5A99D /* btn_all-notes-blank.png */,
				D3F99542104848AC00066E1D /* img_app_bkgnd.png */,
				D3F991C31044DFBF00066E1D /* img_blank.png */,
				D3F991921044D9A200066E1D /* img_note_footer_bkgnd.png */,
				D3F991931044D9A200066E1D /* img_main_bkgnd.png */,
				D3F991941044D9A200066E1D /* img_map-blank.png */,
				D3F991951044D9A200066E1D /* img_map-crosshairs.png */,
				D3F991991044D9A200066E1D /* icon_map.png */,
				D3F9919A1044D9A200066E1D /* icon_group-header.png */,
				D3F9919B1044D9A200066E1D /* icon_group.png */,
				D3F9919C1044D9A200066E1D /* icon_desc.png */,
				D3F9919D1044D9A200066E1D /* btn_main_notes.png */,
				D3F9919E1044D9A200066E1D /* btn_main_text.png */,
				D3F9919F1044D9A200066E1D /* btn_main_photo.png */,
				D3F991A01044D9A200066E1D /* BigRedButton.png */,
				D3F991A21044D9A200066E1D /* img_photo-add.png */,
				D3F991A31044D9A200066E1D /* img_map-node.png */,
			);
			name = Images;
			sourceTree = "<group>";
		};
		0CB2F123101A37420087C6F6 /* Model */ = {
			isa = PBXGroup;
			children = (
				D3E5B435105EA91200B87B81 /* Group.h */,
				D3E5B436105EA91200B87B81 /* Group.m */,
				D303F2A51026ACE000528192 /* UIImageToDataTransformer.h */,
				D303F2A41026ACE000528192 /* UIImageToDataTransformer.m */,
				0C251C4610236C0900C05768 /* Note.h */,
				0C251C4710236C0900C05768 /* Note.m */,
				28860B760F44E54D00985440 /* MapNotes.xcdatamodel */,
				D342E6D2103A5BCA002382B7 /* CLLocation+DistanceComparison.h */,
				D342E6D3103A5BCA002382B7 /* CLLocation+DistanceComparison.m */,
			);
			name = Model;
			sourceTree = "<group>";
		};
		19C28FACFE9D520D11CA2CBB /* Products */ = {
			isa = PBXGroup;
			children = (
				1D6058910D05DD3D006BFB54 /* NoteableDev.app */,
			);
			name = Products;
			sourceTree = "<group>";
		};
		29B97314FDCFA39411CA2CEA /* CustomTemplate */ = {
			isa = PBXGroup;
			children = (
				0CB2F123101A37420087C6F6 /* Model */,
				080E96DDFE201D6D7F000001 /* Classes */,
				29B97315FDCFA39411CA2CEA /* Other Sources */,
				29B97317FDCFA39411CA2CEA /* Resources */,
				29B97323FDCFA39411CA2CEA /* Frameworks */,
				19C28FACFE9D520D11CA2CBB /* Products */,
			);
			name = CustomTemplate;
			sourceTree = "<group>";
		};
		29B97315FDCFA39411CA2CEA /* Other Sources */ = {
			isa = PBXGroup;
			children = (
				28A0AAE50D9B0CCF005BE974 /* MapNotes_Prefix.pch */,
				29B97316FDCFA39411CA2CEA /* main.m */,
			);
			name = "Other Sources";
			sourceTree = "<group>";
		};
		29B97317FDCFA39411CA2CEA /* Resources */ = {
			isa = PBXGroup;
			children = (
				0C251CA81023893200C05768 /* Images */,
				D302892F104E52C800E5A99D /* QuickAddView.xib */,
				2899E55F0DE3E45000AC0155 /* NotesView.xib */,
				D3028931104E52E100E5A99D /* EditTitle.xib */,
				D3F9924610461D4B00066E1D /* EditDesc.xib */,
				D3F996251049E8B900066E1D /* EditName.xib */,
				28AD735F0D9D9599002E5188 /* MainWindow.xib */,
				0C3551F61020D690006C7ED7 /* NoteDetailHeader.xib */,
				D345E74B10229C4B0070C491 /* NoteDetailFooter.xib */,
				0C599FB6102A536400E66315 /* RootView.xib */,
				D3D952961034536400C39C92 /* MapTableCell.xib */,
				D3F992BB1046465A00066E1D /* TextViewCell.xib */,
				D3028AC51050AC6500E5A99D /* NotesMapView.xib */,
				D3028966104F17B100E5A99D /* GroupsTitle.xib */,
				D387E242105CA58900111FB0 /* GroupsFooter.xib */,
				D36EA0251051B9EC00776556 /* NotesCell.xib */,
				D387E1FE105C5A2200111FB0 /* ShareDetails.xib */,
				D3E5B509105ED1EC00B87B81 /* Settings.bundle */,
				D36EA0071051A58D00776556 /* NoteableDev-Info.plist */,
				D36EA0081051A58D00776556 /* NoteableBeta-Info.plist */,
				D3028C241051803600E5A99D /* Entitlements.plist */,
			);
			name = Resources;
			sourceTree = "<group>";
		};
		29B97323FDCFA39411CA2CEA /* Frameworks */ = {
			isa = PBXGroup;
			children = (
				0CB2F166101A3DE60087C6F6 /* MapKit.framework */,
				0CB2F164101A3DE10087C6F6 /* CoreLocation.framework */,
				1DF5F4DF0D08C38300B7A737 /* UIKit.framework */,
				1D30AB110D05D00D00671497 /* Foundation.framework */,
				2892E40F0DC94CBA00A64D0F /* CoreGraphics.framework */,
				28860BE40F44EE6400985440 /* CoreData.framework */,
			);
			name = Frameworks;
			sourceTree = "<group>";
		};
		D3F9938C104709E300066E1D /* Helpers */ = {
			isa = PBXGroup;
			children = (
				D36C287010437CAA00AFB7A8 /* LocationController.h */,
				D36C287110437CAA00AFB7A8 /* LocationController.m */,
				D345E7521022A07C0070C491 /* RoundedRectView.h */,
				D345E7531022A07C0070C491 /* RoundedRectView.m */,
				D3BEAE2C1027FDA2001BC385 /* ImageManipulator.h */,
				D3BEAE2D1027FDA2001BC385 /* ImageManipulator.m */,
				D3F992DF10464D1900066E1D /* StringHelper.h */,
				D3F992E010464D1900066E1D /* StringHelper.m */,
			);
			name = Helpers;
			sourceTree = "<group>";
		};
/* End PBXGroup section */

/* Begin PBXNativeTarget section */
		1D6058900D05DD3D006BFB54 /* MapNotes */ = {
			isa = PBXNativeTarget;
			buildConfigurationList = 1D6058960D05DD3E006BFB54 /* Build configuration list for PBXNativeTarget "MapNotes" */;
			buildPhases = (
				1D60588D0D05DD3D006BFB54 /* Resources */,
				1D60588E0D05DD3D006BFB54 /* Sources */,
				1D60588F0D05DD3D006BFB54 /* Frameworks */,
			);
			buildRules = (
			);
			dependencies = (
			);
			name = MapNotes;
			productName = MapNotes;
			productReference = 1D6058910D05DD3D006BFB54 /* NoteableDev.app */;
			productType = "com.apple.product-type.application";
		};
/* End PBXNativeTarget section */

/* Begin PBXProject section */
		29B97313FDCFA39411CA2CEA /* Project object */ = {
			isa = PBXProject;
			buildConfigurationList = C01FCF4E08A954540054247B /* Build configuration list for PBXProject "MapNotes" */;
			compatibilityVersion = "Xcode 3.1";
			hasScannedForEncodings = 1;
			knownRegions = (
				English,
				Japanese,
				French,
				German,
				en,
			);
			mainGroup = 29B97314FDCFA39411CA2CEA /* CustomTemplate */;
			projectDirPath = "";
			projectRoot = "";
			targets = (
				1D6058900D05DD3D006BFB54 /* MapNotes */,
			);
		};
/* End PBXProject section */

/* Begin PBXResourcesBuildPhase section */
		1D60588D0D05DD3D006BFB54 /* Resources */ = {
			isa = PBXResourcesBuildPhase;
			buildActionMask = 2147483647;
			files = (
				28AD73600D9D9599002E5188 /* MainWindow.xib in Resources */,
				2899E5600DE3E45000AC0155 /* NotesView.xib in Resources */,
				0C3551F71020D690006C7ED7 /* NoteDetailHeader.xib in Resources */,
				D345E74C10229C4B0070C491 /* NoteDetailFooter.xib in Resources */,
				0C599FB7102A536400E66315 /* RootView.xib in Resources */,
				D3D952971034536400C39C92 /* MapTableCell.xib in Resources */,
				D3F991A41044D9A200066E1D /* img_note_footer_bkgnd.png in Resources */,
				D3F991A51044D9A200066E1D /* img_main_bkgnd.png in Resources */,
				D3F991A61044D9A200066E1D /* img_map-blank.png in Resources */,
				D3F991A71044D9A200066E1D /* img_map-crosshairs.png in Resources */,
				D3F991AB1044D9A200066E1D /* icon_map.png in Resources */,
				D3F991AC1044D9A200066E1D /* icon_group-header.png in Resources */,
				D3F991AD1044D9A200066E1D /* icon_group.png in Resources */,
				D3F991AE1044D9A200066E1D /* icon_desc.png in Resources */,
				D3F991AF1044D9A200066E1D /* btn_main_notes.png in Resources */,
				D3F991B01044D9A200066E1D /* btn_main_text.png in Resources */,
				D3F991B11044D9A200066E1D /* btn_main_photo.png in Resources */,
				D3F991B21044D9A200066E1D /* BigRedButton.png in Resources */,
				D3F991B41044D9A200066E1D /* img_photo-add.png in Resources */,
				D3F991B51044D9A200066E1D /* img_map-node.png in Resources */,
				D3F991C41044DFBF00066E1D /* img_blank.png in Resources */,
				D3F9924710461D4B00066E1D /* EditDesc.xib in Resources */,
				D3F992BC1046465A00066E1D /* TextViewCell.xib in Resources */,
				D3F99543104848AC00066E1D /* img_app_bkgnd.png in Resources */,
				D3F996261049E8B900066E1D /* EditName.xib in Resources */,
				D3028930104E52C800E5A99D /* QuickAddView.xib in Resources */,
				D3028932104E52E100E5A99D /* EditTitle.xib in Resources */,
				D3028967104F17B100E5A99D /* GroupsTitle.xib in Resources */,
				D3028AC61050AC6500E5A99D /* NotesMapView.xib in Resources */,
				D3028C0C1050E69F00E5A99D /* btn_all-notes-blank.png in Resources */,
				D3028C251051803600E5A99D /* Entitlements.plist in Resources */,
				D36EA0261051B9EC00776556 /* NotesCell.xib in Resources */,
				D35CAAB71055A8A9000682BD /* img_photo-edit.png in Resources */,
				D32912F610586F8F00994671 /* mapnodes.png in Resources */,
				D32913091058900700994671 /* img_bkgnd.png in Resources */,
				D329130A1058900700994671 /* img_note_map-delete.png in Resources */,
				D329130B1058900700994671 /* btn_tweet-high.png in Resources */,
				D329130C1058900700994671 /* img_title-bkgnd-blue.png in Resources */,
				D329130D1058900700994671 /* img_title-bkgnd.png in Resources */,
				D329130E1058900700994671 /* img-group_bkgnd-blue.png in Resources */,
				D329130F1058900700994671 /* img-group_bkgnd.png in Resources */,
				D32913101058900700994671 /* btn_plus-orange.png in Resources */,
				D32913111058900700994671 /* btn_tweet.png in Resources */,
				D32913121058900700994671 /* btn_delete.png in Resources */,
				D329148E1059698200994671 /* img_minus.png in Resources */,
				D329148F1059698200994671 /* img_plus.png in Resources */,
				D387E068105AE68C00111FB0 /* img_no-photo_thumb.png in Resources */,
				D387E069105AE68C00111FB0 /* img_photo-border.png in Resources */,
				D387E06A105AE68C00111FB0 /* img_no-photo.png in Resources */,
				D387E0B2105B042200111FB0 /* img_desc-edit_bkgnd.png in Resources */,
				D387E0E1105B09B300111FB0 /* node_yellow.png in Resources */,
				D387E0E2105B09B300111FB0 /* node_purple.png in Resources */,
				D387E0E3105B09B300111FB0 /* node_orange.png in Resources */,
				D387E0E4105B09B300111FB0 /* node_green.png in Resources */,
				D387E1FF105C5A2200111FB0 /* ShareDetails.xib in Resources */,
				D387E243105CA58900111FB0 /* GroupsFooter.xib in Resources */,
				D3E5B50A105ED1EC00B87B81 /* Settings.bundle in Resources */,
			);
			runOnlyForDeploymentPostprocessing = 0;
		};
/* End PBXResourcesBuildPhase section */

/* Begin PBXSourcesBuildPhase section */
		1D60588E0D05DD3D006BFB54 /* Sources */ = {
			isa = PBXSourcesBuildPhase;
			buildActionMask = 2147483647;
			files = (
				1D60589B0D05DD56006BFB54 /* main.m in Sources */,
				1D3623260D0F684500981E51 /* MapNotesAppDelegate.m in Sources */,
				28C286E10D94DF7D0034E888 /* NotesViewController.m in Sources */,
				28860B770F44E54D00985440 /* MapNotes.xcdatamodel in Sources */,
				0CB2F13F101A3B600087C6F6 /* RootViewController.m in Sources */,
				D360D124101D246B0095ED7B /* NoteDetailController.m in Sources */,
				D345E7541022A07C0070C491 /* RoundedRectView.m in Sources */,
				D345E81B1022B1A30070C491 /* NoteAnnotation.m in Sources */,
				0C251C4B10236C0900C05768 /* Note.m in Sources */,
				D303F2A61026ACE000528192 /* UIImageToDataTransformer.m in Sources */,
				D3BEAE2E1027FDA2001BC385 /* ImageManipulator.m in Sources */,
				D30D71B0102997F000AF4AFF /* NotePhotoViewController.m in Sources */,
				0C599F78102A446800E66315 /* QuickAddViewController.m in Sources */,
				D36712F3102F62D6000A046B /* NoteDescViewController.m in Sources */,
				D342E6D4103A5BCA002382B7 /* CLLocation+DistanceComparison.m in Sources */,
				D36C287210437CAA00AFB7A8 /* LocationController.m in Sources */,
				D3F991F7104611D900066E1D /* NoteTitleViewController.m in Sources */,
				D3F992BA104645FB00066E1D /* TextFieldCell.m in Sources */,
				D3F992E110464D1900066E1D /* StringHelper.m in Sources */,
				D3F995641048F55500066E1D /* GroupsViewController.m in Sources */,
				D3F996121049E43D00066E1D /* GroupNameViewController.m in Sources */,
				D3028ABC1050A3E000E5A99D /* NotesMapViewController.m in Sources */,
				D3E5B437105EA91200B87B81 /* Group.m in Sources */,
			);
			runOnlyForDeploymentPostprocessing = 0;
		};
/* End PBXSourcesBuildPhase section */

/* Begin XCBuildConfiguration section */
		1D6058940D05DD3E006BFB54 /* Debug */ = {
			isa = XCBuildConfiguration;
			buildSettings = {
				ALWAYS_SEARCH_USER_PATHS = NO;
				COPY_PHASE_STRIP = NO;
				GCC_DYNAMIC_NO_PIC = NO;
				GCC_OPTIMIZATION_LEVEL = 0;
				GCC_PRECOMPILE_PREFIX_HEADER = YES;
				GCC_PREFIX_HEADER = MapNotes_Prefix.pch;
				INFOPLIST_FILE = "NoteableDev-Info.plist";
				IPHONEOS_DEPLOYMENT_TARGET = 3.0;
				PRODUCT_NAME = NoteableDev;
			};
			name = Debug;
		};
		1D6058950D05DD3E006BFB54 /* Release */ = {
			isa = XCBuildConfiguration;
			buildSettings = {
				ALWAYS_SEARCH_USER_PATHS = NO;
				COPY_PHASE_STRIP = YES;
				GCC_PRECOMPILE_PREFIX_HEADER = YES;
				GCC_PREFIX_HEADER = MapNotes_Prefix.pch;
				INFOPLIST_FILE = "MapNotes-Info.plist";
				PRODUCT_NAME = MapNotes;
			};
			name = Release;
		};
		C01FCF4F08A954540054247B /* Debug */ = {
			isa = XCBuildConfiguration;
			buildSettings = {
				ARCHS = "$(ARCHS_STANDARD_32_BIT)";
				"CODE_SIGN_IDENTITY[sdk=iphoneos*]" = "iPhone Developer: Brian Erickson (7TY7P2QAQ3)";
				GCC_C_LANGUAGE_STANDARD = c99;
				GCC_WARN_ABOUT_RETURN_TYPE = YES;
				GCC_WARN_UNUSED_VARIABLE = YES;
				NSZombieEnabled = YES;
				PREBINDING = NO;
				"PROVISIONING_PROFILE[sdk=iphoneos*]" = "9753E399-E34B-42CB-B876-B317EF4FFB74";
				SDKROOT = iphoneos3.0;
			};
			name = Debug;
		};
		C01FCF5008A954540054247B /* Release */ = {
			isa = XCBuildConfiguration;
			buildSettings = {
				ARCHS = "$(ARCHS_STANDARD_32_BIT)";
				"CODE_SIGN_IDENTITY[sdk=iphoneos*]" = "iPhone Developer";
				GCC_C_LANGUAGE_STANDARD = c99;
				GCC_WARN_ABOUT_RETURN_TYPE = YES;
				GCC_WARN_UNUSED_VARIABLE = YES;
				PREBINDING = NO;
				SDKROOT = iphoneos3.0;
			};
			name = Release;
		};
		D3028C2010517ED300E5A99D /* Distribution */ = {
			isa = XCBuildConfiguration;
			buildSettings = {
				ARCHS = "$(ARCHS_STANDARD_32_BIT)";
				"CODE_SIGN_IDENTITY[sdk=iphoneos*]" = "iPhone Distribution: WRKSHP, LLC";
				GCC_C_LANGUAGE_STANDARD = c99;
				GCC_WARN_ABOUT_RETURN_TYPE = YES;
				GCC_WARN_UNUSED_VARIABLE = YES;
				PREBINDING = NO;
				"PROVISIONING_PROFILE[sdk=iphoneos*]" = "85388F83-4239-47D3-8E9D-E2F5D9DAF519";
				SDKROOT = iphoneos3.0;
			};
			name = Distribution;
		};
		D3028C2110517ED300E5A99D /* Distribution */ = {
			isa = XCBuildConfiguration;
			buildSettings = {
				ALWAYS_SEARCH_USER_PATHS = NO;
				CODE_SIGN_ENTITLEMENTS = Entitlements.plist;
				COPY_PHASE_STRIP = YES;
				GCC_PRECOMPILE_PREFIX_HEADER = YES;
				GCC_PREFIX_HEADER = MapNotes_Prefix.pch;
				INFOPLIST_FILE = "NoteableBeta-Info.plist";
				PRODUCT_NAME = Noteable;
			};
			name = Distribution;
		};
/* End XCBuildConfiguration section */

/* Begin XCConfigurationList section */
		1D6058960D05DD3E006BFB54 /* Build configuration list for PBXNativeTarget "MapNotes" */ = {
			isa = XCConfigurationList;
			buildConfigurations = (
				1D6058940D05DD3E006BFB54 /* Debug */,
				1D6058950D05DD3E006BFB54 /* Release */,
				D3028C2110517ED300E5A99D /* Distribution */,
			);
			defaultConfigurationIsVisible = 0;
			defaultConfigurationName = Release;
		};
		C01FCF4E08A954540054247B /* Build configuration list for PBXProject "MapNotes" */ = {
			isa = XCConfigurationList;
			buildConfigurations = (
				C01FCF4F08A954540054247B /* Debug */,
				C01FCF5008A954540054247B /* Release */,
				D3028C2010517ED300E5A99D /* Distribution */,
			);
			defaultConfigurationIsVisible = 0;
			defaultConfigurationName = Release;
		};
/* End XCConfigurationList section */
	};
	rootObject = 29B97313FDCFA39411CA2CEA /* Project object */;
}
